
Microsoft Visual Studio Solution File, Format Version 12.00
# Visual Studio Version 17
VisualStudioVersion = 17.0.32014.148
MinimumVisualStudioVersion = 10.0.40219.1
Project("{FAE04EC0-301F-11D3-BF4B-00C04F79EFBC}") = "BlazorApp1", "BlazorApp1\BlazorApp1.csproj", "{44F8DF99-0F41-461E-8B62-E38610CE9A0F}"
EndProject
Global
	GlobalSection(SolutionConfigurationPlatforms) = preSolution
		Debug|Any CPU = Debug|Any CPU
		Release|Any CPU = Release|Any CPU
	EndGlobalSection
	GlobalSection(ProjectConfigurationPlatforms) = postSolution
		{44F8DF99-0F41-461E-8B62-E38610CE9A0F}.Debug|Any CPU.ActiveCfg = Debug|Any CPU
		{44F8DF99-0F41-461E-8B62-E38610CE9A0F}.Debug|Any CPU.Build.0 = Debug|Any CPU
		{44F8DF99-0F41-461E-8B62-E38610CE9A0F}.Release|Any CPU.ActiveCfg = Release|Any CPU
		{44F8DF99-0F41-461E-8B62-E38610CE9A0F}.Release|Any CPU.Build.0 = Release|Any CPU
	EndGlobalSection
	GlobalSection(SolutionProperties) = preSolution
		HideSolutionNode = FALSE
	EndGlobalSection
	GlobalSection(ExtensibilityGlobals) = postSolution
		SolutionGuid = {83E7BA94-5665-447A-9CAD-DB2CD84C476D}
	EndGlobalSection
EndGlobal
